
Microsoft Visual Studio Solution File, Format Version 12.00
# Visual Studio Version 16
VisualStudioVersion = 16.0.30907.101
MinimumVisualStudioVersion = 10.0.40219.1
Project("{FAE04EC0-301F-11D3-BF4B-00C04F79EFBC}") = "SpiceMVCWithAuthentication", "SpiceMVCWithAuthentication\SpiceMVCWithAuthentication.csproj", "{D0F2D8EF-E8A5-421B-8D52-D25C90320F50}"
EndProject
Project("{FAE04EC0-301F-11D3-BF4B-00C04F79EFBC}") = "Spicee.DataLayer", "Spicee.DataLayer\Spicee.DataLayer.csproj", "{BD3B26F4-FE53-481C-BDFB-96622FA2F99F}"
EndProject
Project("{FAE04EC0-301F-11D3-BF4B-00C04F79EFBC}") = "Spicee.DomainModels", "Spicee.DomainModels\Spicee.DomainModels.csproj", "{EBD9EAE5-E7B9-40D7-B928-DA88F4126133}"
EndProject
Global
	GlobalSection(SolutionConfigurationPlatforms) = preSolution
		Debug|Any CPU = Debug|Any CPU
		Release|Any CPU = Release|Any CPU
	EndGlobalSection
	GlobalSection(ProjectConfigurationPlatforms) = postSolution
		{D0F2D8EF-E8A5-421B-8D52-D25C90320F50}.Debug|Any CPU.ActiveCfg = Debug|Any CPU
		{D0F2D8EF-E8A5-421B-8D52-D25C90320F50}.Debug|Any CPU.Build.0 = Debug|Any CPU
		{D0F2D8EF-E8A5-421B-8D52-D25C90320F50}.Release|Any CPU.ActiveCfg = Release|Any CPU
		{D0F2D8EF-E8A5-421B-8D52-D25C90320F50}.Release|Any CPU.Build.0 = Release|Any CPU
		{BD3B26F4-FE53-481C-BDFB-96622FA2F99F}.Debug|Any CPU.ActiveCfg = Debug|Any CPU
		{BD3B26F4-FE53-481C-BDFB-96622FA2F99F}.Debug|Any CPU.Build.0 = Debug|Any CPU
		{BD3B26F4-FE53-481C-BDFB-96622FA2F99F}.Release|Any CPU.ActiveCfg = Release|Any CPU
		{BD3B26F4-FE53-481C-BDFB-96622FA2F99F}.Release|Any CPU.Build.0 = Release|Any CPU
		{EBD9EAE5-E7B9-40D7-B928-DA88F4126133}.Debug|Any CPU.ActiveCfg = Debug|Any CPU
		{EBD9EAE5-E7B9-40D7-B928-DA88F4126133}.Debug|Any CPU.Build.0 = Debug|Any CPU
		{EBD9EAE5-E7B9-40D7-B928-DA88F4126133}.Release|Any CPU.ActiveCfg = Release|Any CPU
		{EBD9EAE5-E7B9-40D7-B928-DA88F4126133}.Release|Any CPU.Build.0 = Release|Any CPU
	EndGlobalSection
	GlobalSection(SolutionProperties) = preSolution
		HideSolutionNode = FALSE
	EndGlobalSection
	GlobalSection(ExtensibilityGlobals) = postSolution
		SolutionGuid = {9A4A4681-5634-4C6D-BF6A-1DFF2CBDB7AD}
	EndGlobalSection
EndGlobal
